
Microsoft Visual Studio Solution File, Format Version 12.00
# Visual Studio Version 16
VisualStudioVersion = 16.0.30907.101
MinimumVisualStudioVersion = 10.0.40219.1
Project("{FAE04EC0-301F-11D3-BF4B-00C04F79EFBC}") = "Bibliotheque", "Bibliotheque\Bibliotheque.csproj", "{51AE755A-EA06-4374-BD54-70AF5A5EF72B}"
EndProject
Project("{FAE04EC0-301F-11D3-BF4B-00C04F79EFBC}") = "AppConsole", "AppConsole\AppConsole.csproj", "{B04B0FE2-F69E-4075-B751-489CAA7F468F}"
EndProject
Project("{FAE04EC0-301F-11D3-BF4B-00C04F79EFBC}") = "AppWindow", "AppWindow\AppWindow.csproj", "{73AC2C56-6D55-4CC3-A126-1FA328D66AE4}"
EndProject
Global
	GlobalSection(SolutionConfigurationPlatforms) = preSolution
		Debug|Any CPU = Debug|Any CPU
		Release|Any CPU = Release|Any CPU
	EndGlobalSection
	GlobalSection(ProjectConfigurationPlatforms) = postSolution
		{51AE755A-EA06-4374-BD54-70AF5A5EF72B}.Debug|Any CPU.ActiveCfg = Debug|Any CPU
		{51AE755A-EA06-4374-BD54-70AF5A5EF72B}.Debug|Any CPU.Build.0 = Debug|Any CPU
		{51AE755A-EA06-4374-BD54-70AF5A5EF72B}.Release|Any CPU.ActiveCfg = Release|Any CPU
		{51AE755A-EA06-4374-BD54-70AF5A5EF72B}.Release|Any CPU.Build.0 = Release|Any CPU
		{B04B0FE2-F69E-4075-B751-489CAA7F468F}.Debug|Any CPU.ActiveCfg = Debug|Any CPU
		{B04B0FE2-F69E-4075-B751-489CAA7F468F}.Debug|Any CPU.Build.0 = Debug|Any CPU
		{B04B0FE2-F69E-4075-B751-489CAA7F468F}.Release|Any CPU.ActiveCfg = Release|Any CPU
		{B04B0FE2-F69E-4075-B751-489CAA7F468F}.Release|Any CPU.Build.0 = Release|Any CPU
		{73AC2C56-6D55-4CC3-A126-1FA328D66AE4}.Debug|Any CPU.ActiveCfg = Debug|Any CPU
		{73AC2C56-6D55-4CC3-A126-1FA328D66AE4}.Debug|Any CPU.Build.0 = Debug|Any CPU
		{73AC2C56-6D55-4CC3-A126-1FA328D66AE4}.Release|Any CPU.ActiveCfg = Release|Any CPU
		{73AC2C56-6D55-4CC3-A126-1FA328D66AE4}.Release|Any CPU.Build.0 = Release|Any CPU
	EndGlobalSection
	GlobalSection(SolutionProperties) = preSolution
		HideSolutionNode = FALSE
	EndGlobalSection
	GlobalSection(ExtensibilityGlobals) = postSolution
		SolutionGuid = {55DD3AF1-D8F6-465B-BE3C-BE413DBF23EF}
	EndGlobalSection
EndGlobal
