
Microsoft Visual Studio Solution File, Format Version 12.00
# Visual Studio Version 16
VisualStudioVersion = 16.0.30907.101
MinimumVisualStudioVersion = 10.0.40219.1
Project("{FAE04EC0-301F-11D3-BF4B-00C04F79EFBC}") = "ApplicationWPF", "ApplicationWPF\ApplicationWPF.csproj", "{318A3260-C9BF-4108-A4BF-7C5B21ADDA78}"
EndProject
Project("{FAE04EC0-301F-11D3-BF4B-00C04F79EFBC}") = "ApplicationConsole", "ApplicationConsole\ApplicationConsole.csproj", "{2A3A9335-E68D-4BDC-A731-0A23B0AC2E3B}"
EndProject
Project("{FAE04EC0-301F-11D3-BF4B-00C04F79EFBC}") = "Bibliotheque", "Bibliotheque\Bibliotheque.csproj", "{AE5F1473-650E-4C08-9701-09D5B0544F36}"
EndProject
Project("{FAE04EC0-301F-11D3-BF4B-00C04F79EFBC}") = "AppConsole", "AppConsole\AppConsole.csproj", "{79B70A5D-B0B7-4F5D-9DF1-815364CF2CBC}"
EndProject
Global
	GlobalSection(SolutionConfigurationPlatforms) = preSolution
		Debug|Any CPU = Debug|Any CPU
		Release|Any CPU = Release|Any CPU
	EndGlobalSection
	GlobalSection(ProjectConfigurationPlatforms) = postSolution
		{318A3260-C9BF-4108-A4BF-7C5B21ADDA78}.Debug|Any CPU.ActiveCfg = Debug|Any CPU
		{318A3260-C9BF-4108-A4BF-7C5B21ADDA78}.Debug|Any CPU.Build.0 = Debug|Any CPU
		{318A3260-C9BF-4108-A4BF-7C5B21ADDA78}.Release|Any CPU.ActiveCfg = Release|Any CPU
		{318A3260-C9BF-4108-A4BF-7C5B21ADDA78}.Release|Any CPU.Build.0 = Release|Any CPU
		{2A3A9335-E68D-4BDC-A731-0A23B0AC2E3B}.Debug|Any CPU.ActiveCfg = Debug|Any CPU
		{2A3A9335-E68D-4BDC-A731-0A23B0AC2E3B}.Debug|Any CPU.Build.0 = Debug|Any CPU
		{2A3A9335-E68D-4BDC-A731-0A23B0AC2E3B}.Release|Any CPU.ActiveCfg = Release|Any CPU
		{2A3A9335-E68D-4BDC-A731-0A23B0AC2E3B}.Release|Any CPU.Build.0 = Release|Any CPU
		{AE5F1473-650E-4C08-9701-09D5B0544F36}.Debug|Any CPU.ActiveCfg = Debug|Any CPU
		{AE5F1473-650E-4C08-9701-09D5B0544F36}.Debug|Any CPU.Build.0 = Debug|Any CPU
		{AE5F1473-650E-4C08-9701-09D5B0544F36}.Release|Any CPU.ActiveCfg = Release|Any CPU
		{AE5F1473-650E-4C08-9701-09D5B0544F36}.Release|Any CPU.Build.0 = Release|Any CPU
		{79B70A5D-B0B7-4F5D-9DF1-815364CF2CBC}.Debug|Any CPU.ActiveCfg = Debug|Any CPU
		{79B70A5D-B0B7-4F5D-9DF1-815364CF2CBC}.Debug|Any CPU.Build.0 = Debug|Any CPU
		{79B70A5D-B0B7-4F5D-9DF1-815364CF2CBC}.Release|Any CPU.ActiveCfg = Release|Any CPU
		{79B70A5D-B0B7-4F5D-9DF1-815364CF2CBC}.Release|Any CPU.Build.0 = Release|Any CPU
	EndGlobalSection
	GlobalSection(SolutionProperties) = preSolution
		HideSolutionNode = FALSE
	EndGlobalSection
	GlobalSection(ExtensibilityGlobals) = postSolution
		SolutionGuid = {55DD3AF1-D8F6-465B-BE3C-BE413DBF23EF}
	EndGlobalSection
EndGlobal
